
Microsoft Visual Studio Solution File, Format Version 12.00
# Visual Studio 2012
Project("{FAE04EC0-301F-11D3-BF4B-00C04F79EFBC}") = "SehirRehberiPresentation", "SehirRehberiPresentation\SehirRehberiPresentation.csproj", "{A057F8D9-79C8-4BE7-9C01-E000DE83CB90}"
EndProject
Global
	GlobalSection(SolutionConfigurationPlatforms) = preSolution
		Debug|Any CPU = Debug|Any CPU
		Release|Any CPU = Release|Any CPU
	EndGlobalSection
	GlobalSection(ProjectConfigurationPlatforms) = postSolution
		{A057F8D9-79C8-4BE7-9C01-E000DE83CB90}.Debug|Any CPU.ActiveCfg = Debug|Any CPU
		{A057F8D9-79C8-4BE7-9C01-E000DE83CB90}.Debug|Any CPU.Build.0 = Debug|Any CPU
		{A057F8D9-79C8-4BE7-9C01-E000DE83CB90}.Release|Any CPU.ActiveCfg = Release|Any CPU
		{A057F8D9-79C8-4BE7-9C01-E000DE83CB90}.Release|Any CPU.Build.0 = Release|Any CPU
	EndGlobalSection
	GlobalSection(SolutionProperties) = preSolution
		HideSolutionNode = FALSE
	EndGlobalSection
EndGlobal
